// !$*UTF8*$!
{
	archiveVersion = 1;
	classes = {
	};
	objectVersion = 55;
	objects = {

/* Begin PBXBuildFile section */
		AB4FABE1275B75EA0022FB79 /* main.swift in Sources */ = {isa = PBXBuildFile; fileRef = AB4FABE0275B75EA0022FB79 /* main.swift */; };
		AB4FABE8275B75FB0022FB79 /* Day4.swift in Sources */ = {isa = PBXBuildFile; fileRef = AB4FABE7275B75FB0022FB79 /* Day4.swift */; };
		AB4FABEB275B77A60022FB79 /* PuzzleBox in Frameworks */ = {isa = PBXBuildFile; productRef = AB4FABEA275B77A60022FB79 /* PuzzleBox */; };
		AB55E363275E8038006309D6 /* Day6.swift in Sources */ = {isa = PBXBuildFile; fileRef = AB55E362275E8038006309D6 /* Day6.swift */; };
		AB56BA7C276160220032AF55 /* Day8.swift in Sources */ = {isa = PBXBuildFile; fileRef = AB56BA7B276160220032AF55 /* Day8.swift */; };
		ABDA63F22762C0FD000C304B /* Day9.swift in Sources */ = {isa = PBXBuildFile; fileRef = ABDA63F12762C0FD000C304B /* Day9.swift */; };
/* End PBXBuildFile section */

/* Begin PBXCopyFilesBuildPhase section */
		AB4FABDB275B75EA0022FB79 /* CopyFiles */ = {
			isa = PBXCopyFilesBuildPhase;
			buildActionMask = 2147483647;
			dstPath = /usr/share/man/man1/;
			dstSubfolderSpec = 0;
			files = (
			);
			runOnlyForDeploymentPostprocessing = 1;
		};
/* End PBXCopyFilesBuildPhase section */

/* Begin PBXFileReference section */
		AB4FABDD275B75EA0022FB79 /* 2021SwiftSolutions */ = {isa = PBXFileReference; explicitFileType = "compiled.mach-o.executable"; includeInIndex = 0; path = 2021SwiftSolutions; sourceTree = BUILT_PRODUCTS_DIR; };
		AB4FABE0275B75EA0022FB79 /* main.swift */ = {isa = PBXFileReference; lastKnownFileType = sourcecode.swift; path = main.swift; sourceTree = "<group>"; };
		AB4FABE7275B75FB0022FB79 /* Day4.swift */ = {isa = PBXFileReference; lastKnownFileType = sourcecode.swift; path = Day4.swift; sourceTree = "<group>"; };
		AB55E362275E8038006309D6 /* Day6.swift */ = {isa = PBXFileReference; lastKnownFileType = sourcecode.swift; path = Day6.swift; sourceTree = "<group>"; };
		AB56BA7B276160220032AF55 /* Day8.swift */ = {isa = PBXFileReference; lastKnownFileType = sourcecode.swift; path = Day8.swift; sourceTree = "<group>"; };
		ABDA63F12762C0FD000C304B /* Day9.swift */ = {isa = PBXFileReference; lastKnownFileType = sourcecode.swift; path = Day9.swift; sourceTree = "<group>"; };
/* End PBXFileReference section */

/* Begin PBXFrameworksBuildPhase section */
		AB4FABDA275B75EA0022FB79 /* Frameworks */ = {
			isa = PBXFrameworksBuildPhase;
			buildActionMask = 2147483647;
			files = (
				AB4FABEB275B77A60022FB79 /* PuzzleBox in Frameworks */,
			);
			runOnlyForDeploymentPostprocessing = 0;
		};
/* End PBXFrameworksBuildPhase section */

/* Begin PBXGroup section */
		AB4FABD4275B75EA0022FB79 = {
			isa = PBXGroup;
			children = (
				AB4FABDF275B75EA0022FB79 /* 2021SwiftSolutions */,
				AB4FABDE275B75EA0022FB79 /* Products */,
			);
			sourceTree = "<group>";
		};
		AB4FABDE275B75EA0022FB79 /* Products */ = {
			isa = PBXGroup;
			children = (
				AB4FABDD275B75EA0022FB79 /* 2021SwiftSolutions */,
			);
			name = Products;
			sourceTree = "<group>";
		};
		AB4FABDF275B75EA0022FB79 /* 2021SwiftSolutions */ = {
			isa = PBXGroup;
			children = (
				AB4FABE0275B75EA0022FB79 /* main.swift */,
				AB4FABE7275B75FB0022FB79 /* Day4.swift */,
				AB55E362275E8038006309D6 /* Day6.swift */,
				AB56BA7B276160220032AF55 /* Day8.swift */,
				ABDA63F12762C0FD000C304B /* Day9.swift */,
			);
			path = 2021SwiftSolutions;
			sourceTree = "<group>";
		};
/* End PBXGroup section */

/* Begin PBXNativeTarget section */
		AB4FABDC275B75EA0022FB79 /* 2021SwiftSolutions */ = {
			isa = PBXNativeTarget;
			buildConfigurationList = AB4FABE4275B75EA0022FB79 /* Build configuration list for PBXNativeTarget "2021SwiftSolutions" */;
			buildPhases = (
				AB4FABD9275B75EA0022FB79 /* Sources */,
				AB4FABDA275B75EA0022FB79 /* Frameworks */,
				AB4FABDB275B75EA0022FB79 /* CopyFiles */,
			);
			buildRules = (
			);
			dependencies = (
			);
			name = 2021SwiftSolutions;
			packageProductDependencies = (
				AB4FABEA275B77A60022FB79 /* PuzzleBox */,
			);
			productName = 2021SwiftSolutions;
			productReference = AB4FABDD275B75EA0022FB79 /* 2021SwiftSolutions */;
			productType = "com.apple.product-type.tool";
		};
/* End PBXNativeTarget section */

/* Begin PBXProject section */
		AB4FABD5275B75EA0022FB79 /* Project object */ = {
			isa = PBXProject;
			attributes = {
				BuildIndependentTargetsInParallel = 1;
				LastSwiftUpdateCheck = 1310;
				LastUpgradeCheck = 1310;
				TargetAttributes = {
					AB4FABDC275B75EA0022FB79 = {
						CreatedOnToolsVersion = 13.1;
					};
				};
			};
			buildConfigurationList = AB4FABD8275B75EA0022FB79 /* Build configuration list for PBXProject "2021SwiftSolutions" */;
			compatibilityVersion = "Xcode 13.0";
			developmentRegion = en;
			hasScannedForEncodings = 0;
			knownRegions = (
				en,
				Base,
			);
			mainGroup = AB4FABD4275B75EA0022FB79;
			packageReferences = (
				AB4FABE9275B77A60022FB79 /* XCRemoteSwiftPackageReference "puzzle-box-SP" */,
			);
			productRefGroup = AB4FABDE275B75EA0022FB79 /* Products */;
			projectDirPath = "";
			projectRoot = "";
			targets = (
				AB4FABDC275B75EA0022FB79 /* 2021SwiftSolutions */,
			);
		};
/* End PBXProject section */

/* Begin PBXSourcesBuildPhase section */
		AB4FABD9275B75EA0022FB79 /* Sources */ = {
			isa = PBXSourcesBuildPhase;
			buildActionMask = 2147483647;
			files = (
				AB4FABE1275B75EA0022FB79 /* main.swift in Sources */,
				ABDA63F22762C0FD000C304B /* Day9.swift in Sources */,
				AB55E363275E8038006309D6 /* Day6.swift in Sources */,
				AB4FABE8275B75FB0022FB79 /* Day4.swift in Sources */,
				AB56BA7C276160220032AF55 /* Day8.swift in Sources */,
			);
			runOnlyForDeploymentPostprocessing = 0;
		};
/* End PBXSourcesBuildPhase section */

/* Begin XCBuildConfiguration section */
		AB4FABE2275B75EA0022FB79 /* Debug */ = {
			isa = XCBuildConfiguration;
			buildSettings = {
				ALWAYS_SEARCH_USER_PATHS = NO;
				CLANG_ANALYZER_NONNULL = YES;
				CLANG_ANALYZER_NUMBER_OBJECT_CONVERSION = YES_AGGRESSIVE;
				CLANG_CXX_LANGUAGE_STANDARD = "gnu++17";
				CLANG_CXX_LIBRARY = "libc++";
				CLANG_ENABLE_MODULES = YES;
				CLANG_ENABLE_OBJC_ARC = YES;
				CLANG_ENABLE_OBJC_WEAK = YES;
				CLANG_WARN_BLOCK_CAPTURE_AUTORELEASING = YES;
				CLANG_WARN_BOOL_CONVERSION = YES;
				CLANG_WARN_COMMA = YES;
				CLANG_WARN_CONSTANT_CONVERSION = YES;
				CLANG_WARN_DEPRECATED_OBJC_IMPLEMENTATIONS = YES;
				CLANG_WARN_DIRECT_OBJC_ISA_USAGE = YES_ERROR;
				CLANG_WARN_DOCUMENTATION_COMMENTS = YES;
				CLANG_WARN_EMPTY_BODY = YES;
				CLANG_WARN_ENUM_CONVERSION = YES;
				CLANG_WARN_INFINITE_RECURSION = YES;
				CLANG_WARN_INT_CONVERSION = YES;
				CLANG_WARN_NON_LITERAL_NULL_CONVERSION = YES;
				CLANG_WARN_OBJC_IMPLICIT_RETAIN_SELF = YES;
				CLANG_WARN_OBJC_LITERAL_CONVERSION = YES;
				CLANG_WARN_OBJC_ROOT_CLASS = YES_ERROR;
				CLANG_WARN_QUOTED_INCLUDE_IN_FRAMEWORK_HEADER = YES;
				CLANG_WARN_RANGE_LOOP_ANALYSIS = YES;
				CLANG_WARN_STRICT_PROTOTYPES = YES;
				CLANG_WARN_SUSPICIOUS_MOVE = YES;
				CLANG_WARN_UNGUARDED_AVAILABILITY = YES_AGGRESSIVE;
				CLANG_WARN_UNREACHABLE_CODE = YES;
				CLANG_WARN__DUPLICATE_METHOD_MATCH = YES;
				COPY_PHASE_STRIP = NO;
				DEBUG_INFORMATION_FORMAT = dwarf;
				ENABLE_STRICT_OBJC_MSGSEND = YES;
				ENABLE_TESTABILITY = YES;
				GCC_C_LANGUAGE_STANDARD = gnu11;
				GCC_DYNAMIC_NO_PIC = NO;
				GCC_NO_COMMON_BLOCKS = YES;
				GCC_OPTIMIZATION_LEVEL = 0;
				GCC_PREPROCESSOR_DEFINITIONS = (
					"DEBUG=1",
					"$(inherited)",
				);
				GCC_WARN_64_TO_32_BIT_CONVERSION = YES;
				GCC_WARN_ABOUT_RETURN_TYPE = YES_ERROR;
				GCC_WARN_UNDECLARED_SELECTOR = YES;
				GCC_WARN_UNINITIALIZED_AUTOS = YES_AGGRESSIVE;
				GCC_WARN_UNUSED_FUNCTION = YES;
				GCC_WARN_UNUSED_VARIABLE = YES;
				MACOSX_DEPLOYMENT_TARGET = 11.4;
				MTL_ENABLE_DEBUG_INFO = INCLUDE_SOURCE;
				MTL_FAST_MATH = YES;
				ONLY_ACTIVE_ARCH = YES;
				SDKROOT = macosx;
				SWIFT_ACTIVE_COMPILATION_CONDITIONS = DEBUG;
				SWIFT_OPTIMIZATION_LEVEL = "-Onone";
			};
			name = Debug;
		};
		AB4FABE3275B75EA0022FB79 /* Release */ = {
			isa = XCBuildConfiguration;
			buildSettings = {
				ALWAYS_SEARCH_USER_PATHS = NO;
				CLANG_ANALYZER_NONNULL = YES;
				CLANG_ANALYZER_NUMBER_OBJECT_CONVERSION = YES_AGGRESSIVE;
				CLANG_CXX_LANGUAGE_STANDARD = "gnu++17";
				CLANG_CXX_LIBRARY = "libc++";
				CLANG_ENABLE_MODULES = YES;
				CLANG_ENABLE_OBJC_ARC = YES;
				CLANG_ENABLE_OBJC_WEAK = YES;
				CLANG_WARN_BLOCK_CAPTURE_AUTORELEASING = YES;
				CLANG_WARN_BOOL_CONVERSION = YES;
				CLANG_WARN_COMMA = YES;
				CLANG_WARN_CONSTANT_CONVERSION = YES;
				CLANG_WARN_DEPRECATED_OBJC_IMPLEMENTATIONS = YES;
				CLANG_WARN_DIRECT_OBJC_ISA_USAGE = YES_ERROR;
				CLANG_WARN_DOCUMENTATION_COMMENTS = YES;
				CLANG_WARN_EMPTY_BODY = YES;
				CLANG_WARN_ENUM_CONVERSION = YES;
				CLANG_WARN_INFINITE_RECURSION = YES;
				CLANG_WARN_INT_CONVERSION = YES;
				CLANG_WARN_NON_LITERAL_NULL_CONVERSION = YES;
				CLANG_WARN_OBJC_IMPLICIT_RETAIN_SELF = YES;
				CLANG_WARN_OBJC_LITERAL_CONVERSION = YES;
				CLANG_WARN_OBJC_ROOT_CLASS = YES_ERROR;
				CLANG_WARN_QUOTED_INCLUDE_IN_FRAMEWORK_HEADER = YES;
				CLANG_WARN_RANGE_LOOP_ANALYSIS = YES;
				CLANG_WARN_STRICT_PROTOTYPES = YES;
				CLANG_WARN_SUSPICIOUS_MOVE = YES;
				CLANG_WARN_UNGUARDED_AVAILABILITY = YES_AGGRESSIVE;
				CLANG_WARN_UNREACHABLE_CODE = YES;
				CLANG_WARN__DUPLICATE_METHOD_MATCH = YES;
				COPY_PHASE_STRIP = NO;
				DEBUG_INFORMATION_FORMAT = "dwarf-with-dsym";
				ENABLE_NS_ASSERTIONS = NO;
				ENABLE_STRICT_OBJC_MSGSEND = YES;
				GCC_C_LANGUAGE_STANDARD = gnu11;
				GCC_NO_COMMON_BLOCKS = YES;
				GCC_WARN_64_TO_32_BIT_CONVERSION = YES;
				GCC_WARN_ABOUT_RETURN_TYPE = YES_ERROR;
				GCC_WARN_UNDECLARED_SELECTOR = YES;
				GCC_WARN_UNINITIALIZED_AUTOS = YES_AGGRESSIVE;
				GCC_WARN_UNUSED_FUNCTION = YES;
				GCC_WARN_UNUSED_VARIABLE = YES;
				MACOSX_DEPLOYMENT_TARGET = 11.4;
				MTL_ENABLE_DEBUG_INFO = NO;
				MTL_FAST_MATH = YES;
				SDKROOT = macosx;
				SWIFT_COMPILATION_MODE = wholemodule;
				SWIFT_OPTIMIZATION_LEVEL = "-O";
			};
			name = Release;
		};
		AB4FABE5275B75EA0022FB79 /* Debug */ = {
			isa = XCBuildConfiguration;
			buildSettings = {
				CODE_SIGN_STYLE = Automatic;
				DEVELOPMENT_TEAM = NBY2AG34M4;
				ENABLE_HARDENED_RUNTIME = YES;
				PRODUCT_NAME = "$(TARGET_NAME)";
				SWIFT_VERSION = 5.0;
			};
			name = Debug;
		};
		AB4FABE6275B75EA0022FB79 /* Release */ = {
			isa = XCBuildConfiguration;
			buildSettings = {
				CODE_SIGN_STYLE = Automatic;
				DEVELOPMENT_TEAM = NBY2AG34M4;
				ENABLE_HARDENED_RUNTIME = YES;
				PRODUCT_NAME = "$(TARGET_NAME)";
				SWIFT_VERSION = 5.0;
			};
			name = Release;
		};
/* End XCBuildConfiguration section */

/* Begin XCConfigurationList section */
		AB4FABD8275B75EA0022FB79 /* Build configuration list for PBXProject "2021SwiftSolutions" */ = {
			isa = XCConfigurationList;
			buildConfigurations = (
				AB4FABE2275B75EA0022FB79 /* Debug */,
				AB4FABE3275B75EA0022FB79 /* Release */,
			);
			defaultConfigurationIsVisible = 0;
			defaultConfigurationName = Release;
		};
		AB4FABE4275B75EA0022FB79 /* Build configuration list for PBXNativeTarget "2021SwiftSolutions" */ = {
			isa = XCConfigurationList;
			buildConfigurations = (
				AB4FABE5275B75EA0022FB79 /* Debug */,
				AB4FABE6275B75EA0022FB79 /* Release */,
			);
			defaultConfigurationIsVisible = 0;
			defaultConfigurationName = Release;
		};
/* End XCConfigurationList section */

/* Begin XCRemoteSwiftPackageReference section */
		AB4FABE9275B77A60022FB79 /* XCRemoteSwiftPackageReference "puzzle-box-SP" */ = {
			isa = XCRemoteSwiftPackageReference;
			repositoryURL = "https://github.com/calebwilson706/puzzle-box-SP";
			requirement = {
				branch = main;
				kind = branch;
			};
		};
/* End XCRemoteSwiftPackageReference section */

/* Begin XCSwiftPackageProductDependency section */
		AB4FABEA275B77A60022FB79 /* PuzzleBox */ = {
			isa = XCSwiftPackageProductDependency;
			package = AB4FABE9275B77A60022FB79 /* XCRemoteSwiftPackageReference "puzzle-box-SP" */;
			productName = PuzzleBox;
		};
/* End XCSwiftPackageProductDependency section */
	};
	rootObject = AB4FABD5275B75EA0022FB79 /* Project object */;
}
